
Microsoft Visual Studio Solution File, Format Version 12.00
# Visual Studio Version 16
VisualStudioVersion = 16.0.30225.117
MinimumVisualStudioVersion = 10.0.40219.1
Project("{F184B08F-C81C-45F6-A57F-5ABD9991F28F}") = "MultiFileViewer", "MultiFileViewer\MultiFileViewer.vbproj", "{4DAA86EC-4CBC-401F-BF78-1A22C9B0C50B}"
EndProject
Global
	GlobalSection(SolutionConfigurationPlatforms) = preSolution
		Debug|Any CPU = Debug|Any CPU
		Release|Any CPU = Release|Any CPU
	EndGlobalSection
	GlobalSection(ProjectConfigurationPlatforms) = postSolution
		{4DAA86EC-4CBC-401F-BF78-1A22C9B0C50B}.Debug|Any CPU.ActiveCfg = Debug|Any CPU
		{4DAA86EC-4CBC-401F-BF78-1A22C9B0C50B}.Debug|Any CPU.Build.0 = Debug|Any CPU
		{4DAA86EC-4CBC-401F-BF78-1A22C9B0C50B}.Release|Any CPU.ActiveCfg = Release|Any CPU
		{4DAA86EC-4CBC-401F-BF78-1A22C9B0C50B}.Release|Any CPU.Build.0 = Release|Any CPU
	EndGlobalSection
	GlobalSection(SolutionProperties) = preSolution
		HideSolutionNode = FALSE
	EndGlobalSection
	GlobalSection(ExtensibilityGlobals) = postSolution
		SolutionGuid = {E4D24A32-DE92-4AD7-970C-75E2B2AEDC69}
	EndGlobalSection
EndGlobal
